
Microsoft Visual Studio Solution File, Format Version 12.00
# Visual Studio 15
VisualStudioVersion = 15.0.25914.0
MinimumVisualStudioVersion = 10.0.40219.1
Project("{FAE04EC0-301F-11D3-BF4B-00C04F79EFBC}") = "CFlow", "CFlow\CFlow.csproj", "{6CC0D7C3-6328-4FD0-95AF-C7C0EB9BA4B0}"
EndProject
Project("{FAE04EC0-301F-11D3-BF4B-00C04F79EFBC}") = "CFlow.Test", "CFlow.Test\CFlow.Test.csproj", "{B9AA7878-A209-4A45-B3EE-27852C775CFF}"
EndProject
Global
	GlobalSection(SolutionConfigurationPlatforms) = preSolution
		Debug|Any CPU = Debug|Any CPU
		Release|Any CPU = Release|Any CPU
	EndGlobalSection
	GlobalSection(ProjectConfigurationPlatforms) = postSolution
		{6CC0D7C3-6328-4FD0-95AF-C7C0EB9BA4B0}.Debug|Any CPU.ActiveCfg = Debug|Any CPU
		{6CC0D7C3-6328-4FD0-95AF-C7C0EB9BA4B0}.Debug|Any CPU.Build.0 = Debug|Any CPU
		{6CC0D7C3-6328-4FD0-95AF-C7C0EB9BA4B0}.Release|Any CPU.ActiveCfg = Release|Any CPU
		{6CC0D7C3-6328-4FD0-95AF-C7C0EB9BA4B0}.Release|Any CPU.Build.0 = Release|Any CPU
		{B9AA7878-A209-4A45-B3EE-27852C775CFF}.Debug|Any CPU.ActiveCfg = Debug|Any CPU
		{B9AA7878-A209-4A45-B3EE-27852C775CFF}.Debug|Any CPU.Build.0 = Debug|Any CPU
		{B9AA7878-A209-4A45-B3EE-27852C775CFF}.Release|Any CPU.ActiveCfg = Release|Any CPU
		{B9AA7878-A209-4A45-B3EE-27852C775CFF}.Release|Any CPU.Build.0 = Release|Any CPU
	EndGlobalSection
	GlobalSection(SolutionProperties) = preSolution
		HideSolutionNode = FALSE
	EndGlobalSection
EndGlobal
